
Microsoft Visual Studio Solution File, Format Version 12.00
# Visual Studio Version 16
VisualStudioVersion = 16.0.31729.503
MinimumVisualStudioVersion = 10.0.40219.1
Project("{FAE04EC0-301F-11D3-BF4B-00C04F79EFBC}") = "ProGitForProgrammers", "ProGitForProgrammers\ProGitForProgrammers.csproj", "{C5896516-24B6-4114-A1FC-4DACE54D9367}"
EndProject
Global
	GlobalSection(SolutionConfigurationPlatforms) = preSolution
		Debug|Any CPU = Debug|Any CPU
		Release|Any CPU = Release|Any CPU
	EndGlobalSection
	GlobalSection(ProjectConfigurationPlatforms) = postSolution
		{C5896516-24B6-4114-A1FC-4DACE54D9367}.Debug|Any CPU.ActiveCfg = Debug|Any CPU
		{C5896516-24B6-4114-A1FC-4DACE54D9367}.Debug|Any CPU.Build.0 = Debug|Any CPU
		{C5896516-24B6-4114-A1FC-4DACE54D9367}.Release|Any CPU.ActiveCfg = Release|Any CPU
		{C5896516-24B6-4114-A1FC-4DACE54D9367}.Release|Any CPU.Build.0 = Release|Any CPU
	EndGlobalSection
	GlobalSection(SolutionProperties) = preSolution
		HideSolutionNode = FALSE
	EndGlobalSection
	GlobalSection(ExtensibilityGlobals) = postSolution
		SolutionGuid = {42F2CC00-CA80-42F0-B93A-FA875CE17F95}
	EndGlobalSection
EndGlobal
